
Microsoft Visual Studio Solution File, Format Version 12.00
# Visual Studio 15
VisualStudioVersion = 15.0.26730.16
MinimumVisualStudioVersion = 10.0.40219.1
Project("{FAE04EC0-301F-11D3-BF4B-00C04F79EFBC}") = "_Dependencies", "_Dependencies\_Dependencies.csproj", "{DB121786-9FDC-4DA8-AA41-937F014C6BE5}"
EndProject
Project("{FAE04EC0-301F-11D3-BF4B-00C04F79EFBC}") = "PliskyVersionConsole", "VersionerIntegrationTestClient\PliskyVersionConsole.csproj", "{16CEC0E5-0EC8-4ACA-BE1D-84B364935B61}"
EndProject
Project("{FAE04EC0-301F-11D3-BF4B-00C04F79EFBC}") = "PliskyVer.Tests", "PliskyVer.Tests\PliskyVer.Tests.csproj", "{2CBE59DA-47A4-46E7-B8AC-3884F5D1993F}"
EndProject
Project("{FAE04EC0-301F-11D3-BF4B-00C04F79EFBC}") = "PliskyVer", "PliskyVer\PliskyVer.csproj", "{AB9D6874-6CB7-46DA-84CA-1733B5090F19}"
EndProject
Project("{D954291E-2A0B-460D-934E-DC6B0785DB48}") = "PliskyVerShared", "PliskyVerShared\PliskyVerShared.shproj", "{02A00487-C3BC-4F63-BFB5-6D9A482225B1}"
EndProject
Project("{FAE04EC0-301F-11D3-BF4B-00C04F79EFBC}") = "PliskyVerSupport", "PliskyVerSupport\PliskyVerSupport.csproj", "{F3F6B6DF-A6D3-44E1-8C7B-EF747AD34399}"
EndProject
Project("{FAE04EC0-301F-11D3-BF4B-00C04F79EFBC}") = "PliskyQuickWebStore", "PliskyQuickWebStore\PliskyQuickWebStore.csproj", "{4758A0BE-2DE7-4D8F-81D3-2A6FA4E86E0C}"
EndProject
Global
	GlobalSection(SharedMSBuildProjectFiles) = preSolution
		PliskyVerShared\PliskyVerShared.projitems*{02a00487-c3bc-4f63-bfb5-6d9a482225b1}*SharedItemsImports = 13
		PliskyVerShared\PliskyVerShared.projitems*{ab9d6874-6cb7-46da-84ca-1733b5090f19}*SharedItemsImports = 4
		PliskyVerShared\PliskyVerShared.projitems*{f3f6b6df-a6d3-44e1-8c7b-ef747ad34399}*SharedItemsImports = 4
	EndGlobalSection
	GlobalSection(SolutionConfigurationPlatforms) = preSolution
		Debug|Any CPU = Debug|Any CPU
		Release|Any CPU = Release|Any CPU
	EndGlobalSection
	GlobalSection(ProjectConfigurationPlatforms) = postSolution
		{DB121786-9FDC-4DA8-AA41-937F014C6BE5}.Debug|Any CPU.ActiveCfg = Debug|Any CPU
		{DB121786-9FDC-4DA8-AA41-937F014C6BE5}.Release|Any CPU.ActiveCfg = Release|Any CPU
		{16CEC0E5-0EC8-4ACA-BE1D-84B364935B61}.Debug|Any CPU.ActiveCfg = Debug|Any CPU
		{16CEC0E5-0EC8-4ACA-BE1D-84B364935B61}.Debug|Any CPU.Build.0 = Debug|Any CPU
		{16CEC0E5-0EC8-4ACA-BE1D-84B364935B61}.Release|Any CPU.ActiveCfg = Release|Any CPU
		{16CEC0E5-0EC8-4ACA-BE1D-84B364935B61}.Release|Any CPU.Build.0 = Release|Any CPU
		{2CBE59DA-47A4-46E7-B8AC-3884F5D1993F}.Debug|Any CPU.ActiveCfg = Debug|Any CPU
		{2CBE59DA-47A4-46E7-B8AC-3884F5D1993F}.Debug|Any CPU.Build.0 = Debug|Any CPU
		{2CBE59DA-47A4-46E7-B8AC-3884F5D1993F}.Release|Any CPU.ActiveCfg = Release|Any CPU
		{2CBE59DA-47A4-46E7-B8AC-3884F5D1993F}.Release|Any CPU.Build.0 = Release|Any CPU
		{AB9D6874-6CB7-46DA-84CA-1733B5090F19}.Debug|Any CPU.ActiveCfg = Debug|Any CPU
		{AB9D6874-6CB7-46DA-84CA-1733B5090F19}.Debug|Any CPU.Build.0 = Debug|Any CPU
		{AB9D6874-6CB7-46DA-84CA-1733B5090F19}.Release|Any CPU.ActiveCfg = Release|Any CPU
		{AB9D6874-6CB7-46DA-84CA-1733B5090F19}.Release|Any CPU.Build.0 = Release|Any CPU
		{F3F6B6DF-A6D3-44E1-8C7B-EF747AD34399}.Debug|Any CPU.ActiveCfg = Debug|Any CPU
		{F3F6B6DF-A6D3-44E1-8C7B-EF747AD34399}.Debug|Any CPU.Build.0 = Debug|Any CPU
		{F3F6B6DF-A6D3-44E1-8C7B-EF747AD34399}.Release|Any CPU.ActiveCfg = Release|Any CPU
		{F3F6B6DF-A6D3-44E1-8C7B-EF747AD34399}.Release|Any CPU.Build.0 = Release|Any CPU
		{4758A0BE-2DE7-4D8F-81D3-2A6FA4E86E0C}.Debug|Any CPU.ActiveCfg = Debug|Any CPU
		{4758A0BE-2DE7-4D8F-81D3-2A6FA4E86E0C}.Debug|Any CPU.Build.0 = Debug|Any CPU
		{4758A0BE-2DE7-4D8F-81D3-2A6FA4E86E0C}.Release|Any CPU.ActiveCfg = Release|Any CPU
		{4758A0BE-2DE7-4D8F-81D3-2A6FA4E86E0C}.Release|Any CPU.Build.0 = Release|Any CPU
	EndGlobalSection
	GlobalSection(SolutionProperties) = preSolution
		HideSolutionNode = FALSE
	EndGlobalSection
	GlobalSection(ExtensibilityGlobals) = postSolution
		SolutionGuid = {1845F237-5271-48B9-AF63-1EB2A5EEB386}
	EndGlobalSection
EndGlobal
